<Solution>
  <Folder Name="/Blazor/">
    <Project Path="Src/TailwindBlazor.Web/TailwindBlazor.Web.Client/TailwindBlazor.Web.Client.csproj" />
    <Project Path="Src/TailwindBlazor.Web/TailwindBlazor.Web/TailwindBlazor.Web.csproj" />
  </Folder>
  <Folder Name="/Core/">
    <Project Path="Src/TailwindIdentity.Core/TailwindIdentity.Core.csproj" />
  </Folder>
  <Folder Name="/Maui/">
    <Project Path="Src/TailwindMaui.Web/TailwindMaui.Web.csproj" />
  </Folder>
  <Folder Name="/Mvc/">
    <Project Path="Src/TailwindMvc.Web/TailwindMvc.Web.csproj" />
  </Folder>
  <Folder Name="/RazorPage/">
    <Project Path="Src/TailwindRazorPage.Web/TailwindRazorPage.Web.csproj" />
  </Folder>
  <Project Path="Src/TailwindIdentity.EntityFrameworkCore/TailwindIdentity.EntityFrameworkCore.csproj" Id="02b57b04-3278-4a3b-9f91-aed27a1cdabc" />
</Solution>
